// !$*UTF8*$!
{
	archiveVersion = 1;
	classes = {
	};
	objectVersion = 55;
	objects = {

/* Begin PBXBuildFile section */
		C62DA8C527C8834C00C733D3 /* GoogleService-Info.plist in Resources */ = {isa = PBXBuildFile; fileRef = C62DA8C427C8834C00C733D3 /* GoogleService-Info.plist */; };
		C62DA8C727CB375B00C733D3 /* DatabaseManager.swift in Sources */ = {isa = PBXBuildFile; fileRef = C62DA8C627CB375B00C733D3 /* DatabaseManager.swift */; };
		C646379A27B44805008A5C79 /* AppDelegate.swift in Sources */ = {isa = PBXBuildFile; fileRef = C646379927B44805008A5C79 /* AppDelegate.swift */; };
		C646379C27B44805008A5C79 /* SceneDelegate.swift in Sources */ = {isa = PBXBuildFile; fileRef = C646379B27B44805008A5C79 /* SceneDelegate.swift */; };
		C646379E27B44805008A5C79 /* ConversationsViewController.swift in Sources */ = {isa = PBXBuildFile; fileRef = C646379D27B44805008A5C79 /* ConversationsViewController.swift */; };
		C64637A327B44806008A5C79 /* Assets.xcassets in Resources */ = {isa = PBXBuildFile; fileRef = C64637A227B44806008A5C79 /* Assets.xcassets */; };
		C64637A627B44806008A5C79 /* LaunchScreen.storyboard in Resources */ = {isa = PBXBuildFile; fileRef = C64637A427B44806008A5C79 /* LaunchScreen.storyboard */; };
		C64637B127B44806008A5C79 /* MessengerAppTests.swift in Sources */ = {isa = PBXBuildFile; fileRef = C64637B027B44806008A5C79 /* MessengerAppTests.swift */; };
		C64637BB27B44806008A5C79 /* MessengerAppUITests.swift in Sources */ = {isa = PBXBuildFile; fileRef = C64637BA27B44806008A5C79 /* MessengerAppUITests.swift */; };
		C64637BD27B44806008A5C79 /* MessengerAppUITestsLaunchTests.swift in Sources */ = {isa = PBXBuildFile; fileRef = C64637BC27B44806008A5C79 /* MessengerAppUITestsLaunchTests.swift */; };
		C64637CF27B44F8C008A5C79 /* LoginViewController.swift in Sources */ = {isa = PBXBuildFile; fileRef = C64637CE27B44F8C008A5C79 /* LoginViewController.swift */; };
		C64637D127B44F9D008A5C79 /* RegisterViewController.swift in Sources */ = {isa = PBXBuildFile; fileRef = C64637D027B44F9D008A5C79 /* RegisterViewController.swift */; };
		C64637D327B44FBA008A5C79 /* PhotoViewerViewController.swift in Sources */ = {isa = PBXBuildFile; fileRef = C64637D227B44FBA008A5C79 /* PhotoViewerViewController.swift */; };
		C64637D527B44FCA008A5C79 /* VideoPlayerViewController.swift in Sources */ = {isa = PBXBuildFile; fileRef = C64637D427B44FCA008A5C79 /* VideoPlayerViewController.swift */; };
		C64637D727B44FF4008A5C79 /* NewConversationViewController.swift in Sources */ = {isa = PBXBuildFile; fileRef = C64637D627B44FF4008A5C79 /* NewConversationViewController.swift */; };
		C64637D927B4500C008A5C79 /* ProfileViewController.swift in Sources */ = {isa = PBXBuildFile; fileRef = C64637D827B4500C008A5C79 /* ProfileViewController.swift */; };
		C64637DC27B4B1F8008A5C79 /* ExtensionsUIView.swift in Sources */ = {isa = PBXBuildFile; fileRef = C64637DB27B4B1F8008A5C79 /* ExtensionsUIView.swift */; };
		C64637DE27B4B5D9008A5C79 /* ExtensionString.swift in Sources */ = {isa = PBXBuildFile; fileRef = C64637DD27B4B5D9008A5C79 /* ExtensionString.swift */; };
		E3DD1CBCB55EA803B63B5562 /* Pods_MessengerApp.framework in Frameworks */ = {isa = PBXBuildFile; fileRef = 6A2FA7F02B5E1D14D7638D42 /* Pods_MessengerApp.framework */; };
/* End PBXBuildFile section */

/* Begin PBXContainerItemProxy section */
		C64637AD27B44806008A5C79 /* PBXContainerItemProxy */ = {
			isa = PBXContainerItemProxy;
			containerPortal = C646378E27B44805008A5C79 /* Project object */;
			proxyType = 1;
			remoteGlobalIDString = C646379527B44805008A5C79;
			remoteInfo = MessengerApp;
		};
		C64637B727B44806008A5C79 /* PBXContainerItemProxy */ = {
			isa = PBXContainerItemProxy;
			containerPortal = C646378E27B44805008A5C79 /* Project object */;
			proxyType = 1;
			remoteGlobalIDString = C646379527B44805008A5C79;
			remoteInfo = MessengerApp;
		};
/* End PBXContainerItemProxy section */

/* Begin PBXFileReference section */
		6A2FA7F02B5E1D14D7638D42 /* Pods_MessengerApp.framework */ = {isa = PBXFileReference; explicitFileType = wrapper.framework; includeInIndex = 0; path = Pods_MessengerApp.framework; sourceTree = BUILT_PRODUCTS_DIR; };
		9CA0A2D1BACF1795C022ACB3 /* Pods-MessengerApp.debug.xcconfig */ = {isa = PBXFileReference; includeInIndex = 1; lastKnownFileType = text.xcconfig; name = "Pods-MessengerApp.debug.xcconfig"; path = "Target Support Files/Pods-MessengerApp/Pods-MessengerApp.debug.xcconfig"; sourceTree = "<group>"; };
		C62DA8C427C8834C00C733D3 /* GoogleService-Info.plist */ = {isa = PBXFileReference; fileEncoding = 4; lastKnownFileType = text.plist.xml; name = "GoogleService-Info.plist"; path = "../../../GoogleService-Info.plist"; sourceTree = "<group>"; };
		C62DA8C627CB375B00C733D3 /* DatabaseManager.swift */ = {isa = PBXFileReference; lastKnownFileType = sourcecode.swift; path = DatabaseManager.swift; sourceTree = "<group>"; };
		C646379627B44805008A5C79 /* MessengerApp.app */ = {isa = PBXFileReference; explicitFileType = wrapper.application; includeInIndex = 0; path = MessengerApp.app; sourceTree = BUILT_PRODUCTS_DIR; };
		C646379927B44805008A5C79 /* AppDelegate.swift */ = {isa = PBXFileReference; lastKnownFileType = sourcecode.swift; path = AppDelegate.swift; sourceTree = "<group>"; };
		C646379B27B44805008A5C79 /* SceneDelegate.swift */ = {isa = PBXFileReference; lastKnownFileType = sourcecode.swift; path = SceneDelegate.swift; sourceTree = "<group>"; };
		C646379D27B44805008A5C79 /* ConversationsViewController.swift */ = {isa = PBXFileReference; lastKnownFileType = sourcecode.swift; path = ConversationsViewController.swift; sourceTree = "<group>"; };
		C64637A227B44806008A5C79 /* Assets.xcassets */ = {isa = PBXFileReference; lastKnownFileType = folder.assetcatalog; path = Assets.xcassets; sourceTree = "<group>"; };
		C64637A527B44806008A5C79 /* Base */ = {isa = PBXFileReference; lastKnownFileType = file.storyboard; name = Base; path = Base.lproj/LaunchScreen.storyboard; sourceTree = "<group>"; };
		C64637A727B44806008A5C79 /* Info.plist */ = {isa = PBXFileReference; lastKnownFileType = text.plist.xml; path = Info.plist; sourceTree = "<group>"; };
		C64637AC27B44806008A5C79 /* MessengerAppTests.xctest */ = {isa = PBXFileReference; explicitFileType = wrapper.cfbundle; includeInIndex = 0; path = MessengerAppTests.xctest; sourceTree = BUILT_PRODUCTS_DIR; };
		C64637B027B44806008A5C79 /* MessengerAppTests.swift */ = {isa = PBXFileReference; lastKnownFileType = sourcecode.swift; path = MessengerAppTests.swift; sourceTree = "<group>"; };
		C64637B627B44806008A5C79 /* MessengerAppUITests.xctest */ = {isa = PBXFileReference; explicitFileType = wrapper.cfbundle; includeInIndex = 0; path = MessengerAppUITests.xctest; sourceTree = BUILT_PRODUCTS_DIR; };
		C64637BA27B44806008A5C79 /* MessengerAppUITests.swift */ = {isa = PBXFileReference; lastKnownFileType = sourcecode.swift; path = MessengerAppUITests.swift; sourceTree = "<group>"; };
		C64637BC27B44806008A5C79 /* MessengerAppUITestsLaunchTests.swift */ = {isa = PBXFileReference; lastKnownFileType = sourcecode.swift; path = MessengerAppUITestsLaunchTests.swift; sourceTree = "<group>"; };
		C64637CE27B44F8C008A5C79 /* LoginViewController.swift */ = {isa = PBXFileReference; lastKnownFileType = sourcecode.swift; path = LoginViewController.swift; sourceTree = "<group>"; };
		C64637D027B44F9D008A5C79 /* RegisterViewController.swift */ = {isa = PBXFileReference; lastKnownFileType = sourcecode.swift; path = RegisterViewController.swift; sourceTree = "<group>"; };
		C64637D227B44FBA008A5C79 /* PhotoViewerViewController.swift */ = {isa = PBXFileReference; lastKnownFileType = sourcecode.swift; path = PhotoViewerViewController.swift; sourceTree = "<group>"; };
		C64637D427B44FCA008A5C79 /* VideoPlayerViewController.swift */ = {isa = PBXFileReference; lastKnownFileType = sourcecode.swift; path = VideoPlayerViewController.swift; sourceTree = "<group>"; };
		C64637D627B44FF4008A5C79 /* NewConversationViewController.swift */ = {isa = PBXFileReference; lastKnownFileType = sourcecode.swift; path = NewConversationViewController.swift; sourceTree = "<group>"; };
		C64637D827B4500C008A5C79 /* ProfileViewController.swift */ = {isa = PBXFileReference; lastKnownFileType = sourcecode.swift; path = ProfileViewController.swift; sourceTree = "<group>"; };
		C64637DB27B4B1F8008A5C79 /* ExtensionsUIView.swift */ = {isa = PBXFileReference; lastKnownFileType = sourcecode.swift; path = ExtensionsUIView.swift; sourceTree = "<group>"; };
		C64637DD27B4B5D9008A5C79 /* ExtensionString.swift */ = {isa = PBXFileReference; lastKnownFileType = sourcecode.swift; path = ExtensionString.swift; sourceTree = "<group>"; };
		F2599073B85EBE8A1706B293 /* Pods-MessengerApp.release.xcconfig */ = {isa = PBXFileReference; includeInIndex = 1; lastKnownFileType = text.xcconfig; name = "Pods-MessengerApp.release.xcconfig"; path = "Target Support Files/Pods-MessengerApp/Pods-MessengerApp.release.xcconfig"; sourceTree = "<group>"; };
/* End PBXFileReference section */

/* Begin PBXFrameworksBuildPhase section */
		C646379327B44805008A5C79 /* Frameworks */ = {
			isa = PBXFrameworksBuildPhase;
			buildActionMask = 2147483647;
			files = (
				E3DD1CBCB55EA803B63B5562 /* Pods_MessengerApp.framework in Frameworks */,
			);
			runOnlyForDeploymentPostprocessing = 0;
		};
		C64637A927B44806008A5C79 /* Frameworks */ = {
			isa = PBXFrameworksBuildPhase;
			buildActionMask = 2147483647;
			files = (
			);
			runOnlyForDeploymentPostprocessing = 0;
		};
		C64637B327B44806008A5C79 /* Frameworks */ = {
			isa = PBXFrameworksBuildPhase;
			buildActionMask = 2147483647;
			files = (
			);
			runOnlyForDeploymentPostprocessing = 0;
		};
/* End PBXFrameworksBuildPhase section */

/* Begin PBXGroup section */
		C646378D27B44805008A5C79 = {
			isa = PBXGroup;
			children = (
				C646379827B44805008A5C79 /* MessengerApp */,
				C64637AF27B44806008A5C79 /* MessengerAppTests */,
				C64637B927B44806008A5C79 /* MessengerAppUITests */,
				C646379727B44805008A5C79 /* Products */,
				EEC6388DCA7CB995B7D8B346 /* Pods */,
				DEC8D579B5E0BBFC29BDB47A /* Frameworks */,
			);
			sourceTree = "<group>";
		};
		C646379727B44805008A5C79 /* Products */ = {
			isa = PBXGroup;
			children = (
				C646379627B44805008A5C79 /* MessengerApp.app */,
				C64637AC27B44806008A5C79 /* MessengerAppTests.xctest */,
				C64637B627B44806008A5C79 /* MessengerAppUITests.xctest */,
			);
			name = Products;
			sourceTree = "<group>";
		};
		C646379827B44805008A5C79 /* MessengerApp */ = {
			isa = PBXGroup;
			children = (
				C62DA8C427C8834C00C733D3 /* GoogleService-Info.plist */,
				C64637CD27B44925008A5C79 /* Resources */,
				C64637CC27B4491A008A5C79 /* ViewModels */,
				C64637CB27B4490A008A5C79 /* Models */,
				C64637CA27B448F9008A5C79 /* Views */,
				C64637C927B448EB008A5C79 /* Controllers */,
				C64637A727B44806008A5C79 /* Info.plist */,
			);
			path = MessengerApp;
			sourceTree = "<group>";
		};
		C64637AF27B44806008A5C79 /* MessengerAppTests */ = {
			isa = PBXGroup;
			children = (
				C64637B027B44806008A5C79 /* MessengerAppTests.swift */,
			);
			path = MessengerAppTests;
			sourceTree = "<group>";
		};
		C64637B927B44806008A5C79 /* MessengerAppUITests */ = {
			isa = PBXGroup;
			children = (
				C64637BA27B44806008A5C79 /* MessengerAppUITests.swift */,
				C64637BC27B44806008A5C79 /* MessengerAppUITestsLaunchTests.swift */,
			);
			path = MessengerAppUITests;
			sourceTree = "<group>";
		};
		C64637C927B448EB008A5C79 /* Controllers */ = {
			isa = PBXGroup;
			children = (
				C646379D27B44805008A5C79 /* ConversationsViewController.swift */,
				C64637DA27B45293008A5C79 /* Login */,
				C64637D227B44FBA008A5C79 /* PhotoViewerViewController.swift */,
				C64637D427B44FCA008A5C79 /* VideoPlayerViewController.swift */,
				C64637D627B44FF4008A5C79 /* NewConversationViewController.swift */,
				C64637D827B4500C008A5C79 /* ProfileViewController.swift */,
			);
			path = Controllers;
			sourceTree = "<group>";
		};
		C64637CA27B448F9008A5C79 /* Views */ = {
			isa = PBXGroup;
			children = (
				C64637A227B44806008A5C79 /* Assets.xcassets */,
				C64637A427B44806008A5C79 /* LaunchScreen.storyboard */,
			);
			path = Views;
			sourceTree = "<group>";
		};
		C64637CB27B4490A008A5C79 /* Models */ = {
			isa = PBXGroup;
			children = (
			);
			path = Models;
			sourceTree = "<group>";
		};
		C64637CC27B4491A008A5C79 /* ViewModels */ = {
			isa = PBXGroup;
			children = (
			);
			path = ViewModels;
			sourceTree = "<group>";
		};
		C64637CD27B44925008A5C79 /* Resources */ = {
			isa = PBXGroup;
			children = (
				C646379927B44805008A5C79 /* AppDelegate.swift */,
				C646379B27B44805008A5C79 /* SceneDelegate.swift */,
				C64637DB27B4B1F8008A5C79 /* ExtensionsUIView.swift */,
				C64637DD27B4B5D9008A5C79 /* ExtensionString.swift */,
				C62DA8C627CB375B00C733D3 /* DatabaseManager.swift */,
			);
			path = Resources;
			sourceTree = "<group>";
		};
		C64637DA27B45293008A5C79 /* Login */ = {
			isa = PBXGroup;
			children = (
				C64637CE27B44F8C008A5C79 /* LoginViewController.swift */,
				C64637D027B44F9D008A5C79 /* RegisterViewController.swift */,
			);
			path = Login;
			sourceTree = "<group>";
		};
		DEC8D579B5E0BBFC29BDB47A /* Frameworks */ = {
			isa = PBXGroup;
			children = (
				6A2FA7F02B5E1D14D7638D42 /* Pods_MessengerApp.framework */,
			);
			name = Frameworks;
			sourceTree = "<group>";
		};
		EEC6388DCA7CB995B7D8B346 /* Pods */ = {
			isa = PBXGroup;
			children = (
				9CA0A2D1BACF1795C022ACB3 /* Pods-MessengerApp.debug.xcconfig */,
				F2599073B85EBE8A1706B293 /* Pods-MessengerApp.release.xcconfig */,
			);
			path = Pods;
			sourceTree = "<group>";
		};
/* End PBXGroup section */

/* Begin PBXNativeTarget section */
		C646379527B44805008A5C79 /* MessengerApp */ = {
			isa = PBXNativeTarget;
			buildConfigurationList = C64637C027B44806008A5C79 /* Build configuration list for PBXNativeTarget "MessengerApp" */;
			buildPhases = (
				1E918265DCD4B6E1C73598D4 /* [CP] Check Pods Manifest.lock */,
				C646379227B44805008A5C79 /* Sources */,
				C646379327B44805008A5C79 /* Frameworks */,
				C646379427B44805008A5C79 /* Resources */,
				82EB2C63FF3EFBFCECC29858 /* [CP] Embed Pods Frameworks */,
			);
			buildRules = (
			);
			dependencies = (
			);
			name = MessengerApp;
			productName = MessengerApp;
			productReference = C646379627B44805008A5C79 /* MessengerApp.app */;
			productType = "com.apple.product-type.application";
		};
		C64637AB27B44806008A5C79 /* MessengerAppTests */ = {
			isa = PBXNativeTarget;
			buildConfigurationList = C64637C327B44806008A5C79 /* Build configuration list for PBXNativeTarget "MessengerAppTests" */;
			buildPhases = (
				C64637A827B44806008A5C79 /* Sources */,
				C64637A927B44806008A5C79 /* Frameworks */,
				C64637AA27B44806008A5C79 /* Resources */,
			);
			buildRules = (
			);
			dependencies = (
				C64637AE27B44806008A5C79 /* PBXTargetDependency */,
			);
			name = MessengerAppTests;
			productName = MessengerAppTests;
			productReference = C64637AC27B44806008A5C79 /* MessengerAppTests.xctest */;
			productType = "com.apple.product-type.bundle.unit-test";
		};
		C64637B527B44806008A5C79 /* MessengerAppUITests */ = {
			isa = PBXNativeTarget;
			buildConfigurationList = C64637C627B44806008A5C79 /* Build configuration list for PBXNativeTarget "MessengerAppUITests" */;
			buildPhases = (
				C64637B227B44806008A5C79 /* Sources */,
				C64637B327B44806008A5C79 /* Frameworks */,
				C64637B427B44806008A5C79 /* Resources */,
			);
			buildRules = (
			);
			dependencies = (
				C64637B827B44806008A5C79 /* PBXTargetDependency */,
			);
			name = MessengerAppUITests;
			productName = MessengerAppUITests;
			productReference = C64637B627B44806008A5C79 /* MessengerAppUITests.xctest */;
			productType = "com.apple.product-type.bundle.ui-testing";
		};
/* End PBXNativeTarget section */

/* Begin PBXProject section */
		C646378E27B44805008A5C79 /* Project object */ = {
			isa = PBXProject;
			attributes = {
				BuildIndependentTargetsInParallel = 1;
				LastSwiftUpdateCheck = 1320;
				LastUpgradeCheck = 1320;
				TargetAttributes = {
					C646379527B44805008A5C79 = {
						CreatedOnToolsVersion = 13.2.1;
					};
					C64637AB27B44806008A5C79 = {
						CreatedOnToolsVersion = 13.2.1;
						TestTargetID = C646379527B44805008A5C79;
					};
					C64637B527B44806008A5C79 = {
						CreatedOnToolsVersion = 13.2.1;
						TestTargetID = C646379527B44805008A5C79;
					};
				};
			};
			buildConfigurationList = C646379127B44805008A5C79 /* Build configuration list for PBXProject "MessengerApp" */;
			compatibilityVersion = "Xcode 13.0";
			developmentRegion = en;
			hasScannedForEncodings = 0;
			knownRegions = (
				en,
				Base,
			);
			mainGroup = C646378D27B44805008A5C79;
			productRefGroup = C646379727B44805008A5C79 /* Products */;
			projectDirPath = "";
			projectRoot = "";
			targets = (
				C646379527B44805008A5C79 /* MessengerApp */,
				C64637AB27B44806008A5C79 /* MessengerAppTests */,
				C64637B527B44806008A5C79 /* MessengerAppUITests */,
			);
		};
/* End PBXProject section */

/* Begin PBXResourcesBuildPhase section */
		C646379427B44805008A5C79 /* Resources */ = {
			isa = PBXResourcesBuildPhase;
			buildActionMask = 2147483647;
			files = (
				C64637A627B44806008A5C79 /* LaunchScreen.storyboard in Resources */,
				C64637A327B44806008A5C79 /* Assets.xcassets in Resources */,
				C62DA8C527C8834C00C733D3 /* GoogleService-Info.plist in Resources */,
			);
			runOnlyForDeploymentPostprocessing = 0;
		};
		C64637AA27B44806008A5C79 /* Resources */ = {
			isa = PBXResourcesBuildPhase;
			buildActionMask = 2147483647;
			files = (
			);
			runOnlyForDeploymentPostprocessing = 0;
		};
		C64637B427B44806008A5C79 /* Resources */ = {
			isa = PBXResourcesBuildPhase;
			buildActionMask = 2147483647;
			files = (
			);
			runOnlyForDeploymentPostprocessing = 0;
		};
/* End PBXResourcesBuildPhase section */

/* Begin PBXShellScriptBuildPhase section */
		1E918265DCD4B6E1C73598D4 /* [CP] Check Pods Manifest.lock */ = {
			isa = PBXShellScriptBuildPhase;
			buildActionMask = 2147483647;
			files = (
			);
			inputFileListPaths = (
			);
			inputPaths = (
				"${PODS_PODFILE_DIR_PATH}/Podfile.lock",
				"${PODS_ROOT}/Manifest.lock",
			);
			name = "[CP] Check Pods Manifest.lock";
			outputFileListPaths = (
			);
			outputPaths = (
				"$(DERIVED_FILE_DIR)/Pods-MessengerApp-checkManifestLockResult.txt",
			);
			runOnlyForDeploymentPostprocessing = 0;
			shellPath = /bin/sh;
			shellScript = "diff \"${PODS_PODFILE_DIR_PATH}/Podfile.lock\" \"${PODS_ROOT}/Manifest.lock\" > /dev/null\nif [ $? != 0 ] ; then\n    # print error to STDERR\n    echo \"error: The sandbox is not in sync with the Podfile.lock. Run 'pod install' or update your CocoaPods installation.\" >&2\n    exit 1\nfi\n# This output is used by Xcode 'outputs' to avoid re-running this script phase.\necho \"SUCCESS\" > \"${SCRIPT_OUTPUT_FILE_0}\"\n";
			showEnvVarsInLog = 0;
		};
		82EB2C63FF3EFBFCECC29858 /* [CP] Embed Pods Frameworks */ = {
			isa = PBXShellScriptBuildPhase;
			buildActionMask = 2147483647;
			files = (
			);
			inputFileListPaths = (
				"${PODS_ROOT}/Target Support Files/Pods-MessengerApp/Pods-MessengerApp-frameworks-${CONFIGURATION}-input-files.xcfilelist",
			);
			name = "[CP] Embed Pods Frameworks";
			outputFileListPaths = (
				"${PODS_ROOT}/Target Support Files/Pods-MessengerApp/Pods-MessengerApp-frameworks-${CONFIGURATION}-output-files.xcfilelist",
			);
			runOnlyForDeploymentPostprocessing = 0;
			shellPath = /bin/sh;
			shellScript = "\"${PODS_ROOT}/Target Support Files/Pods-MessengerApp/Pods-MessengerApp-frameworks.sh\"\n";
			showEnvVarsInLog = 0;
		};
/* End PBXShellScriptBuildPhase section */

/* Begin PBXSourcesBuildPhase section */
		C646379227B44805008A5C79 /* Sources */ = {
			isa = PBXSourcesBuildPhase;
			buildActionMask = 2147483647;
			files = (
				C64637CF27B44F8C008A5C79 /* LoginViewController.swift in Sources */,
				C64637D127B44F9D008A5C79 /* RegisterViewController.swift in Sources */,
				C64637D727B44FF4008A5C79 /* NewConversationViewController.swift in Sources */,
				C646379E27B44805008A5C79 /* ConversationsViewController.swift in Sources */,
				C64637D527B44FCA008A5C79 /* VideoPlayerViewController.swift in Sources */,
				C64637DC27B4B1F8008A5C79 /* ExtensionsUIView.swift in Sources */,
				C646379A27B44805008A5C79 /* AppDelegate.swift in Sources */,
				C64637DE27B4B5D9008A5C79 /* ExtensionString.swift in Sources */,
				C62DA8C727CB375B00C733D3 /* DatabaseManager.swift in Sources */,
				C64637D927B4500C008A5C79 /* ProfileViewController.swift in Sources */,
				C646379C27B44805008A5C79 /* SceneDelegate.swift in Sources */,
				C64637D327B44FBA008A5C79 /* PhotoViewerViewController.swift in Sources */,
			);
			runOnlyForDeploymentPostprocessing = 0;
		};
		C64637A827B44806008A5C79 /* Sources */ = {
			isa = PBXSourcesBuildPhase;
			buildActionMask = 2147483647;
			files = (
				C64637B127B44806008A5C79 /* MessengerAppTests.swift in Sources */,
			);
			runOnlyForDeploymentPostprocessing = 0;
		};
		C64637B227B44806008A5C79 /* Sources */ = {
			isa = PBXSourcesBuildPhase;
			buildActionMask = 2147483647;
			files = (
				C64637BD27B44806008A5C79 /* MessengerAppUITestsLaunchTests.swift in Sources */,
				C64637BB27B44806008A5C79 /* MessengerAppUITests.swift in Sources */,
			);
			runOnlyForDeploymentPostprocessing = 0;
		};
/* End PBXSourcesBuildPhase section */

/* Begin PBXTargetDependency section */
		C64637AE27B44806008A5C79 /* PBXTargetDependency */ = {
			isa = PBXTargetDependency;
			target = C646379527B44805008A5C79 /* MessengerApp */;
			targetProxy = C64637AD27B44806008A5C79 /* PBXContainerItemProxy */;
		};
		C64637B827B44806008A5C79 /* PBXTargetDependency */ = {
			isa = PBXTargetDependency;
			target = C646379527B44805008A5C79 /* MessengerApp */;
			targetProxy = C64637B727B44806008A5C79 /* PBXContainerItemProxy */;
		};
/* End PBXTargetDependency section */

/* Begin PBXVariantGroup section */
		C64637A427B44806008A5C79 /* LaunchScreen.storyboard */ = {
			isa = PBXVariantGroup;
			children = (
				C64637A527B44806008A5C79 /* Base */,
			);
			name = LaunchScreen.storyboard;
			sourceTree = "<group>";
		};
/* End PBXVariantGroup section */

/* Begin XCBuildConfiguration section */
		C64637BE27B44806008A5C79 /* Debug */ = {
			isa = XCBuildConfiguration;
			buildSettings = {
				ALWAYS_SEARCH_USER_PATHS = NO;
				CLANG_ANALYZER_NONNULL = YES;
				CLANG_ANALYZER_NUMBER_OBJECT_CONVERSION = YES_AGGRESSIVE;
				CLANG_CXX_LANGUAGE_STANDARD = "gnu++17";
				CLANG_CXX_LIBRARY = "libc++";
				CLANG_ENABLE_MODULES = YES;
				CLANG_ENABLE_OBJC_ARC = YES;
				CLANG_ENABLE_OBJC_WEAK = YES;
				CLANG_WARN_BLOCK_CAPTURE_AUTORELEASING = YES;
				CLANG_WARN_BOOL_CONVERSION = YES;
				CLANG_WARN_COMMA = YES;
				CLANG_WARN_CONSTANT_CONVERSION = YES;
				CLANG_WARN_DEPRECATED_OBJC_IMPLEMENTATIONS = YES;
				CLANG_WARN_DIRECT_OBJC_ISA_USAGE = YES_ERROR;
				CLANG_WARN_DOCUMENTATION_COMMENTS = YES;
				CLANG_WARN_EMPTY_BODY = YES;
				CLANG_WARN_ENUM_CONVERSION = YES;
				CLANG_WARN_INFINITE_RECURSION = YES;
				CLANG_WARN_INT_CONVERSION = YES;
				CLANG_WARN_NON_LITERAL_NULL_CONVERSION = YES;
				CLANG_WARN_OBJC_IMPLICIT_RETAIN_SELF = YES;
				CLANG_WARN_OBJC_LITERAL_CONVERSION = YES;
				CLANG_WARN_OBJC_ROOT_CLASS = YES_ERROR;
				CLANG_WARN_QUOTED_INCLUDE_IN_FRAMEWORK_HEADER = YES;
				CLANG_WARN_RANGE_LOOP_ANALYSIS = YES;
				CLANG_WARN_STRICT_PROTOTYPES = YES;
				CLANG_WARN_SUSPICIOUS_MOVE = YES;
				CLANG_WARN_UNGUARDED_AVAILABILITY = YES_AGGRESSIVE;
				CLANG_WARN_UNREACHABLE_CODE = YES;
				CLANG_WARN__DUPLICATE_METHOD_MATCH = YES;
				COPY_PHASE_STRIP = NO;
				DEBUG_INFORMATION_FORMAT = dwarf;
				ENABLE_STRICT_OBJC_MSGSEND = YES;
				ENABLE_TESTABILITY = YES;
				GCC_C_LANGUAGE_STANDARD = gnu11;
				GCC_DYNAMIC_NO_PIC = NO;
				GCC_NO_COMMON_BLOCKS = YES;
				GCC_OPTIMIZATION_LEVEL = 0;
				GCC_PREPROCESSOR_DEFINITIONS = (
					"DEBUG=1",
					"$(inherited)",
				);
				GCC_WARN_64_TO_32_BIT_CONVERSION = YES;
				GCC_WARN_ABOUT_RETURN_TYPE = YES_ERROR;
				GCC_WARN_UNDECLARED_SELECTOR = YES;
				GCC_WARN_UNINITIALIZED_AUTOS = YES_AGGRESSIVE;
				GCC_WARN_UNUSED_FUNCTION = YES;
				GCC_WARN_UNUSED_VARIABLE = YES;
				IPHONEOS_DEPLOYMENT_TARGET = 15.2;
				MTL_ENABLE_DEBUG_INFO = INCLUDE_SOURCE;
				MTL_FAST_MATH = YES;
				ONLY_ACTIVE_ARCH = YES;
				SDKROOT = iphoneos;
				SWIFT_ACTIVE_COMPILATION_CONDITIONS = DEBUG;
				SWIFT_OPTIMIZATION_LEVEL = "-Onone";
			};
			name = Debug;
		};
		C64637BF27B44806008A5C79 /* Release */ = {
			isa = XCBuildConfiguration;
			buildSettings = {
				ALWAYS_SEARCH_USER_PATHS = NO;
				CLANG_ANALYZER_NONNULL = YES;
				CLANG_ANALYZER_NUMBER_OBJECT_CONVERSION = YES_AGGRESSIVE;
				CLANG_CXX_LANGUAGE_STANDARD = "gnu++17";
				CLANG_CXX_LIBRARY = "libc++";
				CLANG_ENABLE_MODULES = YES;
				CLANG_ENABLE_OBJC_ARC = YES;
				CLANG_ENABLE_OBJC_WEAK = YES;
				CLANG_WARN_BLOCK_CAPTURE_AUTORELEASING = YES;
				CLANG_WARN_BOOL_CONVERSION = YES;
				CLANG_WARN_COMMA = YES;
				CLANG_WARN_CONSTANT_CONVERSION = YES;
				CLANG_WARN_DEPRECATED_OBJC_IMPLEMENTATIONS = YES;
				CLANG_WARN_DIRECT_OBJC_ISA_USAGE = YES_ERROR;
				CLANG_WARN_DOCUMENTATION_COMMENTS = YES;
				CLANG_WARN_EMPTY_BODY = YES;
				CLANG_WARN_ENUM_CONVERSION = YES;
				CLANG_WARN_INFINITE_RECURSION = YES;
				CLANG_WARN_INT_CONVERSION = YES;
				CLANG_WARN_NON_LITERAL_NULL_CONVERSION = YES;
				CLANG_WARN_OBJC_IMPLICIT_RETAIN_SELF = YES;
				CLANG_WARN_OBJC_LITERAL_CONVERSION = YES;
				CLANG_WARN_OBJC_ROOT_CLASS = YES_ERROR;
				CLANG_WARN_QUOTED_INCLUDE_IN_FRAMEWORK_HEADER = YES;
				CLANG_WARN_RANGE_LOOP_ANALYSIS = YES;
				CLANG_WARN_STRICT_PROTOTYPES = YES;
				CLANG_WARN_SUSPICIOUS_MOVE = YES;
				CLANG_WARN_UNGUARDED_AVAILABILITY = YES_AGGRESSIVE;
				CLANG_WARN_UNREACHABLE_CODE = YES;
				CLANG_WARN__DUPLICATE_METHOD_MATCH = YES;
				COPY_PHASE_STRIP = NO;
				DEBUG_INFORMATION_FORMAT = "dwarf-with-dsym";
				ENABLE_NS_ASSERTIONS = NO;
				ENABLE_STRICT_OBJC_MSGSEND = YES;
				GCC_C_LANGUAGE_STANDARD = gnu11;
				GCC_NO_COMMON_BLOCKS = YES;
				GCC_WARN_64_TO_32_BIT_CONVERSION = YES;
				GCC_WARN_ABOUT_RETURN_TYPE = YES_ERROR;
				GCC_WARN_UNDECLARED_SELECTOR = YES;
				GCC_WARN_UNINITIALIZED_AUTOS = YES_AGGRESSIVE;
				GCC_WARN_UNUSED_FUNCTION = YES;
				GCC_WARN_UNUSED_VARIABLE = YES;
				IPHONEOS_DEPLOYMENT_TARGET = 15.2;
				MTL_ENABLE_DEBUG_INFO = NO;
				MTL_FAST_MATH = YES;
				SDKROOT = iphoneos;
				SWIFT_COMPILATION_MODE = wholemodule;
				SWIFT_OPTIMIZATION_LEVEL = "-O";
				VALIDATE_PRODUCT = YES;
			};
			name = Release;
		};
		C64637C127B44806008A5C79 /* Debug */ = {
			isa = XCBuildConfiguration;
			baseConfigurationReference = 9CA0A2D1BACF1795C022ACB3 /* Pods-MessengerApp.debug.xcconfig */;
			buildSettings = {
				ASSETCATALOG_COMPILER_APPICON_NAME = AppIcon;
				ASSETCATALOG_COMPILER_GLOBAL_ACCENT_COLOR_NAME = AccentColor;
				CODE_SIGN_STYLE = Automatic;
				CURRENT_PROJECT_VERSION = 1;
				DEVELOPMENT_TEAM = RKZTN2J83Q;
				GENERATE_INFOPLIST_FILE = YES;
				INFOPLIST_FILE = MessengerApp/Info.plist;
				INFOPLIST_KEY_UIApplicationSupportsIndirectInputEvents = YES;
				INFOPLIST_KEY_UILaunchStoryboardName = LaunchScreen;
				INFOPLIST_KEY_UISupportedInterfaceOrientations_iPad = "UIInterfaceOrientationPortrait UIInterfaceOrientationPortraitUpsideDown UIInterfaceOrientationLandscapeLeft UIInterfaceOrientationLandscapeRight";
				INFOPLIST_KEY_UISupportedInterfaceOrientations_iPhone = "UIInterfaceOrientationPortrait UIInterfaceOrientationLandscapeLeft UIInterfaceOrientationLandscapeRight";
				LD_RUNPATH_SEARCH_PATHS = (
					"$(inherited)",
					"@executable_path/Frameworks",
				);
				MARKETING_VERSION = 1.0;
				PRODUCT_BUNDLE_IDENTIFIER = com.carolineladouce.MessengerApp;
				PRODUCT_NAME = "$(TARGET_NAME)";
				SWIFT_EMIT_LOC_STRINGS = YES;
				SWIFT_VERSION = 5.0;
				TARGETED_DEVICE_FAMILY = "1,2";
			};
			name = Debug;
		};
		C64637C227B44806008A5C79 /* Release */ = {
			isa = XCBuildConfiguration;
			baseConfigurationReference = F2599073B85EBE8A1706B293 /* Pods-MessengerApp.release.xcconfig */;
			buildSettings = {
				ASSETCATALOG_COMPILER_APPICON_NAME = AppIcon;
				ASSETCATALOG_COMPILER_GLOBAL_ACCENT_COLOR_NAME = AccentColor;
				CODE_SIGN_STYLE = Automatic;
				CURRENT_PROJECT_VERSION = 1;
				DEVELOPMENT_TEAM = RKZTN2J83Q;
				GENERATE_INFOPLIST_FILE = YES;
				INFOPLIST_FILE = MessengerApp/Info.plist;
				INFOPLIST_KEY_UIApplicationSupportsIndirectInputEvents = YES;
				INFOPLIST_KEY_UILaunchStoryboardName = LaunchScreen;
				INFOPLIST_KEY_UISupportedInterfaceOrientations_iPad = "UIInterfaceOrientationPortrait UIInterfaceOrientationPortraitUpsideDown UIInterfaceOrientationLandscapeLeft UIInterfaceOrientationLandscapeRight";
				INFOPLIST_KEY_UISupportedInterfaceOrientations_iPhone = "UIInterfaceOrientationPortrait UIInterfaceOrientationLandscapeLeft UIInterfaceOrientationLandscapeRight";
				LD_RUNPATH_SEARCH_PATHS = (
					"$(inherited)",
					"@executable_path/Frameworks",
				);
				MARKETING_VERSION = 1.0;
				PRODUCT_BUNDLE_IDENTIFIER = com.carolineladouce.MessengerApp;
				PRODUCT_NAME = "$(TARGET_NAME)";
				SWIFT_EMIT_LOC_STRINGS = YES;
				SWIFT_VERSION = 5.0;
				TARGETED_DEVICE_FAMILY = "1,2";
			};
			name = Release;
		};
		C64637C427B44806008A5C79 /* Debug */ = {
			isa = XCBuildConfiguration;
			buildSettings = {
				ALWAYS_EMBED_SWIFT_STANDARD_LIBRARIES = YES;
				BUNDLE_LOADER = "$(TEST_HOST)";
				CODE_SIGN_STYLE = Automatic;
				CURRENT_PROJECT_VERSION = 1;
				DEVELOPMENT_TEAM = RKZTN2J83Q;
				GENERATE_INFOPLIST_FILE = YES;
				IPHONEOS_DEPLOYMENT_TARGET = 15.2;
				MARKETING_VERSION = 1.0;
				PRODUCT_BUNDLE_IDENTIFIER = com.carolineladouce.MessengerAppTests;
				PRODUCT_NAME = "$(TARGET_NAME)";
				SWIFT_EMIT_LOC_STRINGS = NO;
				SWIFT_VERSION = 5.0;
				TARGETED_DEVICE_FAMILY = "1,2";
				TEST_HOST = "$(BUILT_PRODUCTS_DIR)/MessengerApp.app/MessengerApp";
			};
			name = Debug;
		};
		C64637C527B44806008A5C79 /* Release */ = {
			isa = XCBuildConfiguration;
			buildSettings = {
				ALWAYS_EMBED_SWIFT_STANDARD_LIBRARIES = YES;
				BUNDLE_LOADER = "$(TEST_HOST)";
				CODE_SIGN_STYLE = Automatic;
				CURRENT_PROJECT_VERSION = 1;
				DEVELOPMENT_TEAM = RKZTN2J83Q;
				GENERATE_INFOPLIST_FILE = YES;
				IPHONEOS_DEPLOYMENT_TARGET = 15.2;
				MARKETING_VERSION = 1.0;
				PRODUCT_BUNDLE_IDENTIFIER = com.carolineladouce.MessengerAppTests;
				PRODUCT_NAME = "$(TARGET_NAME)";
				SWIFT_EMIT_LOC_STRINGS = NO;
				SWIFT_VERSION = 5.0;
				TARGETED_DEVICE_FAMILY = "1,2";
				TEST_HOST = "$(BUILT_PRODUCTS_DIR)/MessengerApp.app/MessengerApp";
			};
			name = Release;
		};
		C64637C727B44806008A5C79 /* Debug */ = {
			isa = XCBuildConfiguration;
			buildSettings = {
				ALWAYS_EMBED_SWIFT_STANDARD_LIBRARIES = YES;
				CODE_SIGN_STYLE = Automatic;
				CURRENT_PROJECT_VERSION = 1;
				DEVELOPMENT_TEAM = RKZTN2J83Q;
				GENERATE_INFOPLIST_FILE = YES;
				MARKETING_VERSION = 1.0;
				PRODUCT_BUNDLE_IDENTIFIER = com.carolineladouce.MessengerAppUITests;
				PRODUCT_NAME = "$(TARGET_NAME)";
				SWIFT_EMIT_LOC_STRINGS = NO;
				SWIFT_VERSION = 5.0;
				TARGETED_DEVICE_FAMILY = "1,2";
				TEST_TARGET_NAME = MessengerApp;
			};
			name = Debug;
		};
		C64637C827B44806008A5C79 /* Release */ = {
			isa = XCBuildConfiguration;
			buildSettings = {
				ALWAYS_EMBED_SWIFT_STANDARD_LIBRARIES = YES;
				CODE_SIGN_STYLE = Automatic;
				CURRENT_PROJECT_VERSION = 1;
				DEVELOPMENT_TEAM = RKZTN2J83Q;
				GENERATE_INFOPLIST_FILE = YES;
				MARKETING_VERSION = 1.0;
				PRODUCT_BUNDLE_IDENTIFIER = com.carolineladouce.MessengerAppUITests;
				PRODUCT_NAME = "$(TARGET_NAME)";
				SWIFT_EMIT_LOC_STRINGS = NO;
				SWIFT_VERSION = 5.0;
				TARGETED_DEVICE_FAMILY = "1,2";
				TEST_TARGET_NAME = MessengerApp;
			};
			name = Release;
		};
/* End XCBuildConfiguration section */

/* Begin XCConfigurationList section */
		C646379127B44805008A5C79 /* Build configuration list for PBXProject "MessengerApp" */ = {
			isa = XCConfigurationList;
			buildConfigurations = (
				C64637BE27B44806008A5C79 /* Debug */,
				C64637BF27B44806008A5C79 /* Release */,
			);
			defaultConfigurationIsVisible = 0;
			defaultConfigurationName = Release;
		};
		C64637C027B44806008A5C79 /* Build configuration list for PBXNativeTarget "MessengerApp" */ = {
			isa = XCConfigurationList;
			buildConfigurations = (
				C64637C127B44806008A5C79 /* Debug */,
				C64637C227B44806008A5C79 /* Release */,
			);
			defaultConfigurationIsVisible = 0;
			defaultConfigurationName = Release;
		};
		C64637C327B44806008A5C79 /* Build configuration list for PBXNativeTarget "MessengerAppTests" */ = {
			isa = XCConfigurationList;
			buildConfigurations = (
				C64637C427B44806008A5C79 /* Debug */,
				C64637C527B44806008A5C79 /* Release */,
			);
			defaultConfigurationIsVisible = 0;
			defaultConfigurationName = Release;
		};
		C64637C627B44806008A5C79 /* Build configuration list for PBXNativeTarget "MessengerAppUITests" */ = {
			isa = XCConfigurationList;
			buildConfigurations = (
				C64637C727B44806008A5C79 /* Debug */,
				C64637C827B44806008A5C79 /* Release */,
			);
			defaultConfigurationIsVisible = 0;
			defaultConfigurationName = Release;
		};
/* End XCConfigurationList section */
	};
	rootObject = C646378E27B44805008A5C79 /* Project object */;
}
